
Microsoft Visual Studio Solution File, Format Version 12.00
# Visual Studio Version 17
VisualStudioVersion = 17.9.34701.34
MinimumVisualStudioVersion = 10.0.40219.1
Project("{FAE04EC0-301F-11D3-BF4B-00C04F79EFBC}") = "Tapawingo_backend", "Tapawingo_backend\Tapawingo_backend.csproj", "{CA3A448B-6465-4869-BC78-95AC708E6D10}"
EndProject
Global
	GlobalSection(SolutionConfigurationPlatforms) = preSolution
		Debug|Any CPU = Debug|Any CPU
		Release|Any CPU = Release|Any CPU
	EndGlobalSection
	GlobalSection(ProjectConfigurationPlatforms) = postSolution
		{CA3A448B-6465-4869-BC78-95AC708E6D10}.Debug|Any CPU.ActiveCfg = Debug|Any CPU
		{CA3A448B-6465-4869-BC78-95AC708E6D10}.Debug|Any CPU.Build.0 = Debug|Any CPU
		{CA3A448B-6465-4869-BC78-95AC708E6D10}.Release|Any CPU.ActiveCfg = Release|Any CPU
		{CA3A448B-6465-4869-BC78-95AC708E6D10}.Release|Any CPU.Build.0 = Release|Any CPU
	EndGlobalSection
	GlobalSection(SolutionProperties) = preSolution
		HideSolutionNode = FALSE
	EndGlobalSection
	GlobalSection(ExtensibilityGlobals) = postSolution
		SolutionGuid = {00463FA1-269D-4D94-BF72-23F50E4466C6}
	EndGlobalSection
EndGlobal
